<?xml version="1.0" encoding="utf-8"?>
<Project ToolsVersion="4.0" xmlns="http://schemas.microsoft.com/developer/msbuild/2003">
  <ItemGroup>
    <Filter Include="Source Files">
      <UniqueIdentifier>{4FC737F1-C7A5-4376-A066-2A32D752A2FF}</UniqueIdentifier>
      <Extensions>cpp;c;cc;cxx;def;odl;idl;hpj;bat;asm;asmx</Extensions>
    </Filter>
    <Filter Include="Header Files">
      <UniqueIdentifier>{93995380-89BD-4b04-88EB-625FBE52EBFB}</UniqueIdentifier>
      <Extensions>h;hh;hpp;hxx;hm;inl;inc;xsd</Extensions>
    </Filter>
    <Filter Include="Resource Files">
      <UniqueIdentifier>{67DA6AB6-F800-4c08-8B7A-83BB121AAD01}</UniqueIdentifier>
      <Extensions>qrc;rc;ico;cur;bmp;dlg;rc2;rct;bin;rgs;gif;jpg;jpeg;jpe;resx;tiff;tif;png;wav;mfcribbon-ms</Extensions>
    </Filter>
    <Filter Include="Form Files">
      <UniqueIdentifier>{99349809-55BA-4b9d-BF79-8FDBB0286EB3}</UniqueIdentifier>
      <Extensions>ui</Extensions>
    </Filter>
    <Filter Include="Translation Files">
      <UniqueIdentifier>{639EADAA-A684-42e4-A9AD-28FC9BCB8F7C}</UniqueIdentifier>
      <Extensions>ts</Extensions>
    </Filter>
    <Filter Include="Source Files\Connectors">
      <UniqueIdentifier>{4d18686f-d15f-43eb-ae18-07398b598781}</UniqueIdentifier>
    </Filter>
    <Filter Include="Header Files\Connectors">
      <UniqueIdentifier>{0601c68d-8436-494d-8fa3-9a5115cd28bb}</UniqueIdentifier>
    </Filter>
    <Filter Include="Header Files\Windows">
      <UniqueIdentifier>{4aaa67e0-23f4-4513-9dda-6476f848b57d}</UniqueIdentifier>
    </Filter>
    <Filter Include="Source Files\Windows">
      <UniqueIdentifier>{0e96a788-1af2-4031-b9bb-414d06672e73}</UniqueIdentifier>
    </Filter>
  </ItemGroup>
  <ItemGroup>
    <ClCompile Include="DTCSettings.cpp">
      <Filter>Source Files</Filter>
    </ClCompile>
    <ClCompile Include="DTCLogger.cpp">
      <Filter>Source Files</Filter>
    </ClCompile>
    <ClCompile Include="Connectors\BaseConnector.cpp">
      <Filter>Source Files\Connectors</Filter>
    </ClCompile>
    <ClCompile Include="Windows\WaypointAddDialog.cpp">
      <Filter>Source Files\Windows</Filter>
    </ClCompile>
    <ClCompile Include="Windows\FileSelectorWindow.cpp">
      <Filter>Source Files\Windows</Filter>
    </ClCompile>
    <ClCompile Include="DTCUtils.cpp">
      <Filter>Source Files</Filter>
    </ClCompile>
    <ClCompile Include="pugixml\pugixml.cpp">
      <Filter>Source Files</Filter>
    </ClCompile>
  </ItemGroup>
  <ItemGroup>
    <ClInclude Include="DTCSettings.h">
      <Filter>Header Files</Filter>
    </ClInclude>
    <ClInclude Include="DTCLogger.h">
      <Filter>Header Files</Filter>
    </ClInclude>
    <ClInclude Include="Connectors\BaseConnector.h">
      <Filter>Header Files\Connectors</Filter>
    </ClInclude>
    <ClInclude Include="DTCUtils.h">
      <Filter>Header Files</Filter>
    </ClInclude>
    <ClInclude Include="pugixml\pugixml.hpp">
      <Filter>Header Files</Filter>
    </ClInclude>
    <ClInclude Include="pugixml\pugiconfig.hpp">
      <Filter>Header Files</Filter>
    </ClInclude>
    <ClInclude Include="JTFF_DTC_API.h">
      <Filter>Header Files</Filter>
    </ClInclude>
    <ClInclude Include="AircraftSpecials.h">
      <Filter>Header Files</Filter>
    </ClInclude>
  </ItemGroup>
  <ItemGroup>
    <None Include="settings.ini" />
    <None Include="cpp.hint" />
  </ItemGroup>
  <ItemGroup>
    <QtUic Include="Windows\WaypointAddDialog.ui">
      <Filter>Form Files</Filter>
    </QtUic>
    <QtUic Include="Windows\FileSelectorWindow.ui">
      <Filter>Form Files</Filter>
    </QtUic>
  </ItemGroup>
  <ItemGroup>
    <QtMoc Include="Windows\WaypointAddDialog.h">
      <Filter>Header Files\Windows</Filter>
    </QtMoc>
    <QtMoc Include="Windows\FileSelectorWindow.h">
      <Filter>Header Files\Windows</Filter>
    </QtMoc>
  </ItemGroup>
</Project>